
Microsoft Visual Studio Solution File, Format Version 12.00
# Visual Studio 14
VisualStudioVersion = 14.0.25420.1
MinimumVisualStudioVersion = 10.0.40219.1
Project("{FAE04EC0-301F-11D3-BF4B-00C04F79EFBC}") = "PuppetMaster", "PuppetMaster\PuppetMaster.csproj", "{EEE50884-10C8-4F42-AA82-2DE4953DFD03}"
EndProject
Project("{FAE04EC0-301F-11D3-BF4B-00C04F79EFBC}") = "ConfigInfo", "ConfigInfo\ConfigInfo.csproj", "{7B8DCA42-3A7E-4B73-BBAC-F54A3FAE2B04}"
EndProject
Project("{FAE04EC0-301F-11D3-BF4B-00C04F79EFBC}") = "ProcessCreationService", "ProcessCreationService\ProcessCreationService.csproj", "{9517E5AF-0F57-4173-9420-FEAE07402638}"
EndProject
Project("{FAE04EC0-301F-11D3-BF4B-00C04F79EFBC}") = "PM-PCS-CommonClass", "PM-PCS-CommonClass\PM-PCS-CommonClass.csproj", "{560FEBC8-4804-46A2-A50B-608CF3ED54CC}"
EndProject
Project("{FAE04EC0-301F-11D3-BF4B-00C04F79EFBC}") = "PuppetMasterForm", "PuppetMasterForm\PuppetMasterForm.csproj", "{AAB5DAE6-DCE3-4548-83B2-9EF617EAE68F}"
EndProject
Global
	GlobalSection(SolutionConfigurationPlatforms) = preSolution
		Debug|Any CPU = Debug|Any CPU
		Release|Any CPU = Release|Any CPU
	EndGlobalSection
	GlobalSection(ProjectConfigurationPlatforms) = postSolution
		{EEE50884-10C8-4F42-AA82-2DE4953DFD03}.Debug|Any CPU.ActiveCfg = Debug|Any CPU
		{EEE50884-10C8-4F42-AA82-2DE4953DFD03}.Debug|Any CPU.Build.0 = Debug|Any CPU
		{EEE50884-10C8-4F42-AA82-2DE4953DFD03}.Release|Any CPU.ActiveCfg = Release|Any CPU
		{EEE50884-10C8-4F42-AA82-2DE4953DFD03}.Release|Any CPU.Build.0 = Release|Any CPU
		{7B8DCA42-3A7E-4B73-BBAC-F54A3FAE2B04}.Debug|Any CPU.ActiveCfg = Debug|Any CPU
		{7B8DCA42-3A7E-4B73-BBAC-F54A3FAE2B04}.Debug|Any CPU.Build.0 = Debug|Any CPU
		{7B8DCA42-3A7E-4B73-BBAC-F54A3FAE2B04}.Release|Any CPU.ActiveCfg = Release|Any CPU
		{7B8DCA42-3A7E-4B73-BBAC-F54A3FAE2B04}.Release|Any CPU.Build.0 = Release|Any CPU
		{9517E5AF-0F57-4173-9420-FEAE07402638}.Debug|Any CPU.ActiveCfg = Debug|Any CPU
		{9517E5AF-0F57-4173-9420-FEAE07402638}.Debug|Any CPU.Build.0 = Debug|Any CPU
		{9517E5AF-0F57-4173-9420-FEAE07402638}.Release|Any CPU.ActiveCfg = Release|Any CPU
		{9517E5AF-0F57-4173-9420-FEAE07402638}.Release|Any CPU.Build.0 = Release|Any CPU
		{560FEBC8-4804-46A2-A50B-608CF3ED54CC}.Debug|Any CPU.ActiveCfg = Debug|Any CPU
		{560FEBC8-4804-46A2-A50B-608CF3ED54CC}.Debug|Any CPU.Build.0 = Debug|Any CPU
		{560FEBC8-4804-46A2-A50B-608CF3ED54CC}.Release|Any CPU.ActiveCfg = Release|Any CPU
		{560FEBC8-4804-46A2-A50B-608CF3ED54CC}.Release|Any CPU.Build.0 = Release|Any CPU
		{AAB5DAE6-DCE3-4548-83B2-9EF617EAE68F}.Debug|Any CPU.ActiveCfg = Debug|Any CPU
		{AAB5DAE6-DCE3-4548-83B2-9EF617EAE68F}.Debug|Any CPU.Build.0 = Debug|Any CPU
		{AAB5DAE6-DCE3-4548-83B2-9EF617EAE68F}.Release|Any CPU.ActiveCfg = Release|Any CPU
		{AAB5DAE6-DCE3-4548-83B2-9EF617EAE68F}.Release|Any CPU.Build.0 = Release|Any CPU
	EndGlobalSection
	GlobalSection(SolutionProperties) = preSolution
		HideSolutionNode = FALSE
	EndGlobalSection
EndGlobal
